
Microsoft Visual Studio Solution File, Format Version 12.00
# Visual Studio Version 17
VisualStudioVersion = 17.4.33403.182
MinimumVisualStudioVersion = 10.0.40219.1
Project("{FAE04EC0-301F-11D3-BF4B-00C04F79EFBC}") = "EmployeeLeaveManagementAPI", "EmployeeLeaveManagementAPIx\EmployeeLeaveManagementAPI.csproj", "{C1C34696-5E36-4F30-8AAC-7EE56441B37A}"
EndProject
Global
	GlobalSection(SolutionConfigurationPlatforms) = preSolution
		Debug|Any CPU = Debug|Any CPU
		Release|Any CPU = Release|Any CPU
	EndGlobalSection
	GlobalSection(ProjectConfigurationPlatforms) = postSolution
		{C1C34696-5E36-4F30-8AAC-7EE56441B37A}.Debug|Any CPU.ActiveCfg = Debug|Any CPU
		{C1C34696-5E36-4F30-8AAC-7EE56441B37A}.Debug|Any CPU.Build.0 = Debug|Any CPU
		{C1C34696-5E36-4F30-8AAC-7EE56441B37A}.Release|Any CPU.ActiveCfg = Release|Any CPU
		{C1C34696-5E36-4F30-8AAC-7EE56441B37A}.Release|Any CPU.Build.0 = Release|Any CPU
	EndGlobalSection
	GlobalSection(SolutionProperties) = preSolution
		HideSolutionNode = FALSE
	EndGlobalSection
	GlobalSection(ExtensibilityGlobals) = postSolution
		SolutionGuid = {700AD392-46FF-4BCC-AB40-B7515127DCBC}
	EndGlobalSection
EndGlobal
